
Microsoft Visual Studio Solution File, Format Version 12.00
# Visual Studio Version 16
VisualStudioVersion = 16.0.28803.202
MinimumVisualStudioVersion = 10.0.40219.1
Project("{FAE04EC0-301F-11D3-BF4B-00C04F79EFBC}") = "ODataWithEDM", "ODataWithEDM\ODataWithEDM.csproj", "{A6A1087F-9394-435E-8719-6DA3499F5EE8}"
EndProject
Project("{FAE04EC0-301F-11D3-BF4B-00C04F79EFBC}") = "BlazorPagination", "BlazorPagination\BlazorPagination.csproj", "{BD09315A-B870-4511-9035-CE4BC1795249}"
EndProject
Global
	GlobalSection(SolutionConfigurationPlatforms) = preSolution
		Debug|Any CPU = Debug|Any CPU
		Release|Any CPU = Release|Any CPU
	EndGlobalSection
	GlobalSection(ProjectConfigurationPlatforms) = postSolution
		{A6A1087F-9394-435E-8719-6DA3499F5EE8}.Debug|Any CPU.ActiveCfg = Debug|Any CPU
		{A6A1087F-9394-435E-8719-6DA3499F5EE8}.Debug|Any CPU.Build.0 = Debug|Any CPU
		{A6A1087F-9394-435E-8719-6DA3499F5EE8}.Release|Any CPU.ActiveCfg = Release|Any CPU
		{A6A1087F-9394-435E-8719-6DA3499F5EE8}.Release|Any CPU.Build.0 = Release|Any CPU
		{BD09315A-B870-4511-9035-CE4BC1795249}.Debug|Any CPU.ActiveCfg = Debug|Any CPU
		{BD09315A-B870-4511-9035-CE4BC1795249}.Debug|Any CPU.Build.0 = Debug|Any CPU
		{BD09315A-B870-4511-9035-CE4BC1795249}.Release|Any CPU.ActiveCfg = Release|Any CPU
		{BD09315A-B870-4511-9035-CE4BC1795249}.Release|Any CPU.Build.0 = Release|Any CPU
	EndGlobalSection
	GlobalSection(SolutionProperties) = preSolution
		HideSolutionNode = FALSE
	EndGlobalSection
	GlobalSection(ExtensibilityGlobals) = postSolution
		SolutionGuid = {89B5527A-5063-4C55-89C8-031489EEAC3D}
	EndGlobalSection
EndGlobal
